{
  "name": "1ssupportfront",
  "version": "1.0.0",
  "lockfileVersion": 1,
  "requires": true,
  "dependencies": {
    "fs": {
      "version": "0.0.1-security",
      "resolved": "https://registry.npmjs.org/fs/-/fs-0.0.1-security.tgz",
      "integrity": "sha1-invTcYa23d84E/I4WLV+yq9eQdQ="
    },
    "xmlhttprequest": {
      "version": "1.8.0",
      "resolved": "https://registry.npmjs.org/xmlhttprequest/-/xmlhttprequest-1.8.0.tgz",
      "integrity": "sha1-Z/4HXFwk/vOfnWX197f+dRcZaPw="
    },
    "xmlhttprequest-cookie": {
      "version": "0.9.7",
      "resolved": "https://registry.npmjs.org/xmlhttprequest-cookie/-/xmlhttprequest-cookie-0.9.7.tgz",
      "integrity": "sha512-HJdvBYRBxZdMRO+LI4RW8E/FqAQFzgLZc5rEI2NQg5DeLfpWh7fro5xyZh72W6UfS7IhCi8jK0X6Jv5Wv2dO+Q==",
      "requires": {
        "xmlhttprequest": ">=1.8.0"
      }
    }
  }
}
